
Microsoft Visual Studio Solution File, Format Version 12.00
# Visual Studio Version 17
VisualStudioVersion = 17.7.34031.279
MinimumVisualStudioVersion = 10.0.40219.1
Project("{8BC9CEB8-8B4A-11D0-8D11-00A0C91BC942}") = "CheckersVS", "CheckersVS\CheckersVS.vcxproj", "{49CED4A4-D0CA-4276-B7A2-D44ECABE1818}"
EndProject
Global
	GlobalSection(SolutionConfigurationPlatforms) = preSolution
		Debug|x64 = Debug|x64
		Debug|x86 = Debug|x86
		Release|x64 = Release|x64
		Release|x86 = Release|x86
	EndGlobalSection
	GlobalSection(ProjectConfigurationPlatforms) = postSolution
		{49CED4A4-D0CA-4276-B7A2-D44ECABE1818}.Debug|x64.ActiveCfg = Debug|x64
		{49CED4A4-D0CA-4276-B7A2-D44ECABE1818}.Debug|x64.Build.0 = Debug|x64
		{49CED4A4-D0CA-4276-B7A2-D44ECABE1818}.Debug|x86.ActiveCfg = Debug|Win32
		{49CED4A4-D0CA-4276-B7A2-D44ECABE1818}.Debug|x86.Build.0 = Debug|Win32
		{49CED4A4-D0CA-4276-B7A2-D44ECABE1818}.Release|x64.ActiveCfg = Release|x64
		{49CED4A4-D0CA-4276-B7A2-D44ECABE1818}.Release|x64.Build.0 = Release|x64
		{49CED4A4-D0CA-4276-B7A2-D44ECABE1818}.Release|x86.ActiveCfg = Release|Win32
		{49CED4A4-D0CA-4276-B7A2-D44ECABE1818}.Release|x86.Build.0 = Release|Win32
	EndGlobalSection
	GlobalSection(SolutionProperties) = preSolution
		HideSolutionNode = FALSE
	EndGlobalSection
	GlobalSection(ExtensibilityGlobals) = postSolution
		SolutionGuid = {4D49A53C-C6EB-4F5B-B3DF-5C10B5C06B70}
	EndGlobalSection
EndGlobal
